
Microsoft Visual Studio Solution File, Format Version 12.00
# Visual Studio 15
VisualStudioVersion = 15.0.27428.2015
MinimumVisualStudioVersion = 10.0.40219.1
Project("{FAE04EC0-301F-11D3-BF4B-00C04F79EFBC}") = "dlt-guardian", "dlt-guardian\dlt-guardian.csproj", "{BC8C6711-E2C5-4C43-8FEE-A8F5E5511FDD}"
EndProject
Global
	GlobalSection(SolutionConfigurationPlatforms) = preSolution
		Debug|Any CPU = Debug|Any CPU
		Release|Any CPU = Release|Any CPU
	EndGlobalSection
	GlobalSection(ProjectConfigurationPlatforms) = postSolution
		{BC8C6711-E2C5-4C43-8FEE-A8F5E5511FDD}.Debug|Any CPU.ActiveCfg = Debug|Any CPU
		{BC8C6711-E2C5-4C43-8FEE-A8F5E5511FDD}.Debug|Any CPU.Build.0 = Debug|Any CPU
		{BC8C6711-E2C5-4C43-8FEE-A8F5E5511FDD}.Release|Any CPU.ActiveCfg = Release|Any CPU
		{BC8C6711-E2C5-4C43-8FEE-A8F5E5511FDD}.Release|Any CPU.Build.0 = Release|Any CPU
	EndGlobalSection
	GlobalSection(SolutionProperties) = preSolution
		HideSolutionNode = FALSE
	EndGlobalSection
	GlobalSection(ExtensibilityGlobals) = postSolution
		SolutionGuid = {9D88F174-84A2-4464-96AC-F1487F999B32}
	EndGlobalSection
EndGlobal
